{
  "version": 4,
  "terraform_version": "1.4.6",
  "serial": 85,
  "lineage": "04eb50fc-2e08-6448-ebcb-af3347596c70",
  "outputs": {},
  "resources": [
    {
      "mode": "managed",
      "type": "yandex_compute_instance",
      "name": "platform",
      "provider": "provider[\"registry.terraform.io/yandex-cloud/yandex\"]",
      "instances": [
        {
          "index_key": 0,
          "schema_version": 1,
          "attributes": {
            "allow_recreate": null,
            "allow_stopping_for_update": null,
            "boot_disk": [
              {
                "auto_delete": true,
                "device_name": "fhmmprv2diotf8pic7i2",
                "disk_id": "fhmmprv2diotf8pic7i2",
                "initialize_params": [
                  {
                    "block_size": 4096,
                    "description": "",
                    "image_id": "fd8g060b9a67p0mm91af",
                    "name": "",
                    "size": 10,
                    "snapshot_id": "",
                    "type": "network-hdd"
                  }
                ],
                "mode": "READ_WRITE"
              }
            ],
            "created_at": "2023-09-10T07:27:33Z",
            "description": "",
            "filesystem": [],
            "folder_id": "b1gml33eknukmsjafbgu",
            "fqdn": "fhmn7t2pkahb1p872mfh.auto.internal",
            "gpu_cluster_id": "",
            "hostname": "",
            "id": "fhmn7t2pkahb1p872mfh",
            "labels": null,
            "local_disk": [],
            "metadata": {
              "ssh-keys": "root:ssh-rsa AAAAB3NzaC1yc2EAAAADAQABAAABgQCrG/4XPZmT3AQpWv4YSc0wbglW9UarTW4ofzyBvvUaQPYS1L2QxknkSIGU5bP1NorR/vYTyz9lLMCQStgaAohq691olIQCOskVNuBR3HnFElFJVwDS7ZzeE1+Ow5/cmoxkDUpDd+89Ge1hc3tEymVc571B6uEtztTDrTQmgtB8MHcLLEwJwRraeRUBSbOvfMgczVAc2mUhE9xUGLe/bjOtG2ymchaJml3qW3Dmb65UFk4FlkIXqCF27G3yZO0kjkrVNEsKmQzVpf1kzbHGzlPXfy9v2tlVkQI/yRvH3HPYy76cLoK/v4k2KeSMfx6sTDhuWBkgR6CgayZtT07P1zi2c0eZV+MU0onJ8Isy1Cu2byCK7hXDUkW/5tBZd1jdtkuSToa+4kct2MrUzWprLsBjMtE5lgIQYFjzVVt8BZzZ0/KlCw2kOdNgXik/A3R+6xw/zuxMvdhRH/LzC3yGCRnNBHeItMXgQHMmIR1FLdyTPraK1Mt72cbTbX9HrV6Prlc= root@ThinkBook-14-G2-ARE\n"
            },
            "metadata_options": [
              {
                "aws_v1_http_endpoint": 1,
                "aws_v1_http_token": 2,
                "gce_http_endpoint": 1,
                "gce_http_token": 1
              }
            ],
            "name": "clickhouse-01",
            "network_acceleration_type": "standard",
            "network_interface": [
              {
                "dns_record": [],
                "index": 0,
                "ip_address": "10.0.1.18",
                "ipv4": true,
                "ipv6": false,
                "ipv6_address": "",
                "ipv6_dns_record": [],
                "mac_address": "d0:0d:17:3f:45:9a",
                "nat": true,
                "nat_dns_record": [],
                "nat_ip_address": "158.160.108.115",
                "nat_ip_version": "IPV4",
                "security_group_ids": [],
                "subnet_id": "e9b5op625o8m4vufqnej"
              }
            ],
            "placement_policy": [
              {
                "host_affinity_rules": [],
                "placement_group_id": ""
              }
            ],
            "platform_id": "standard-v1",
            "resources": [
              {
                "core_fraction": 5,
                "cores": 2,
                "gpus": 0,
                "memory": 1
              }
            ],
            "scheduling_policy": [
              {
                "preemptible": true
              }
            ],
            "secondary_disk": [],
            "service_account_id": "",
            "status": "running",
            "timeouts": null,
            "zone": "ru-central1-a"
          },
          "sensitive_attributes": [],
          "private": "eyJlMmJmYjczMC1lY2FhLTExZTYtOGY4OC0zNDM2M2JjN2M0YzAiOnsiY3JlYXRlIjozMDAwMDAwMDAwMDAsImRlbGV0ZSI6MzAwMDAwMDAwMDAwLCJ1cGRhdGUiOjMwMDAwMDAwMDAwMH0sInNjaGVtYV92ZXJzaW9uIjoiMSJ9",
          "dependencies": [
            "yandex_vpc_network.develop",
            "yandex_vpc_subnet.develop"
          ]
        },
        {
          "index_key": 1,
          "schema_version": 1,
          "attributes": {
            "allow_recreate": null,
            "allow_stopping_for_update": null,
            "boot_disk": [
              {
                "auto_delete": true,
                "device_name": "fhmjnlu9bf3psnmsnocj",
                "disk_id": "fhmjnlu9bf3psnmsnocj",
                "initialize_params": [
                  {
                    "block_size": 4096,
                    "description": "",
                    "image_id": "fd8g060b9a67p0mm91af",
                    "name": "",
                    "size": 10,
                    "snapshot_id": "",
                    "type": "network-hdd"
                  }
                ],
                "mode": "READ_WRITE"
              }
            ],
            "created_at": "2023-09-10T07:27:32Z",
            "description": "",
            "filesystem": [],
            "folder_id": "b1gml33eknukmsjafbgu",
            "fqdn": "fhm9ie2jrvek6oq8g1tf.auto.internal",
            "gpu_cluster_id": "",
            "hostname": "",
            "id": "fhm9ie2jrvek6oq8g1tf",
            "labels": null,
            "local_disk": [],
            "metadata": {
              "ssh-keys": "root:ssh-rsa AAAAB3NzaC1yc2EAAAADAQABAAABgQCrG/4XPZmT3AQpWv4YSc0wbglW9UarTW4ofzyBvvUaQPYS1L2QxknkSIGU5bP1NorR/vYTyz9lLMCQStgaAohq691olIQCOskVNuBR3HnFElFJVwDS7ZzeE1+Ow5/cmoxkDUpDd+89Ge1hc3tEymVc571B6uEtztTDrTQmgtB8MHcLLEwJwRraeRUBSbOvfMgczVAc2mUhE9xUGLe/bjOtG2ymchaJml3qW3Dmb65UFk4FlkIXqCF27G3yZO0kjkrVNEsKmQzVpf1kzbHGzlPXfy9v2tlVkQI/yRvH3HPYy76cLoK/v4k2KeSMfx6sTDhuWBkgR6CgayZtT07P1zi2c0eZV+MU0onJ8Isy1Cu2byCK7hXDUkW/5tBZd1jdtkuSToa+4kct2MrUzWprLsBjMtE5lgIQYFjzVVt8BZzZ0/KlCw2kOdNgXik/A3R+6xw/zuxMvdhRH/LzC3yGCRnNBHeItMXgQHMmIR1FLdyTPraK1Mt72cbTbX9HrV6Prlc= root@ThinkBook-14-G2-ARE\n"
            },
            "metadata_options": [
              {
                "aws_v1_http_endpoint": 1,
                "aws_v1_http_token": 2,
                "gce_http_endpoint": 1,
                "gce_http_token": 1
              }
            ],
            "name": "clickhouse-02",
            "network_acceleration_type": "standard",
            "network_interface": [
              {
                "dns_record": [],
                "index": 0,
                "ip_address": "10.0.1.33",
                "ipv4": true,
                "ipv6": false,
                "ipv6_address": "",
                "ipv6_dns_record": [],
                "mac_address": "d0:0d:99:38:53:df",
                "nat": true,
                "nat_dns_record": [],
                "nat_ip_address": "158.160.118.96",
                "nat_ip_version": "IPV4",
                "security_group_ids": [],
                "subnet_id": "e9b5op625o8m4vufqnej"
              }
            ],
            "placement_policy": [
              {
                "host_affinity_rules": [],
                "placement_group_id": ""
              }
            ],
            "platform_id": "standard-v1",
            "resources": [
              {
                "core_fraction": 5,
                "cores": 2,
                "gpus": 0,
                "memory": 1
              }
            ],
            "scheduling_policy": [
              {
                "preemptible": true
              }
            ],
            "secondary_disk": [],
            "service_account_id": "",
            "status": "running",
            "timeouts": null,
            "zone": "ru-central1-a"
          },
          "sensitive_attributes": [],
          "private": "eyJlMmJmYjczMC1lY2FhLTExZTYtOGY4OC0zNDM2M2JjN2M0YzAiOnsiY3JlYXRlIjozMDAwMDAwMDAwMDAsImRlbGV0ZSI6MzAwMDAwMDAwMDAwLCJ1cGRhdGUiOjMwMDAwMDAwMDAwMH0sInNjaGVtYV92ZXJzaW9uIjoiMSJ9",
          "dependencies": [
            "yandex_vpc_network.develop",
            "yandex_vpc_subnet.develop"
          ]
        }
      ]
    },
    {
      "mode": "managed",
      "type": "yandex_vpc_network",
      "name": "develop",
      "provider": "provider[\"registry.terraform.io/yandex-cloud/yandex\"]",
      "instances": [
        {
          "schema_version": 0,
          "attributes": {
            "created_at": "2023-09-10T07:27:30Z",
            "default_security_group_id": "",
            "description": "",
            "folder_id": "b1gml33eknukmsjafbgu",
            "id": "enpf1idp41kij2bk0drs",
            "labels": {},
            "name": "develop",
            "subnet_ids": [],
            "timeouts": null
          },
          "sensitive_attributes": [],
          "private": "eyJlMmJmYjczMC1lY2FhLTExZTYtOGY4OC0zNDM2M2JjN2M0YzAiOnsiY3JlYXRlIjo2MDAwMDAwMDAwMCwiZGVsZXRlIjo2MDAwMDAwMDAwMCwidXBkYXRlIjo2MDAwMDAwMDAwMH19"
        }
      ]
    },
    {
      "mode": "managed",
      "type": "yandex_vpc_subnet",
      "name": "develop",
      "provider": "provider[\"registry.terraform.io/yandex-cloud/yandex\"]",
      "instances": [
        {
          "schema_version": 0,
          "attributes": {
            "created_at": "2023-09-10T07:27:31Z",
            "description": "",
            "dhcp_options": [],
            "folder_id": "b1gml33eknukmsjafbgu",
            "id": "e9b5op625o8m4vufqnej",
            "labels": {},
            "name": "develop",
            "network_id": "enpf1idp41kij2bk0drs",
            "route_table_id": "",
            "timeouts": null,
            "v4_cidr_blocks": [
              "10.0.1.0/24"
            ],
            "v6_cidr_blocks": [],
            "zone": "ru-central1-a"
          },
          "sensitive_attributes": [],
          "private": "eyJlMmJmYjczMC1lY2FhLTExZTYtOGY4OC0zNDM2M2JjN2M0YzAiOnsiY3JlYXRlIjoxODAwMDAwMDAwMDAsImRlbGV0ZSI6MTgwMDAwMDAwMDAwLCJ1cGRhdGUiOjE4MDAwMDAwMDAwMH19",
          "dependencies": [
            "yandex_vpc_network.develop"
          ]
        }
      ]
    }
  ],
  "check_results": null
}
